
Microsoft Visual Studio Solution File, Format Version 12.00
# Visual Studio Version 17
VisualStudioVersion = 17.14.36121.58
MinimumVisualStudioVersion = 10.0.40219.1
Project("{FAE04EC0-301F-11D3-BF4B-00C04F79EFBC}") = "Core.Api", "Core.Api\Core.Api.csproj", "{01B0F5B4-4D09-4FEB-A74B-89DDBF8B285C}"
EndProject
Project("{FAE04EC0-301F-11D3-BF4B-00C04F79EFBC}") = "DataAccess", "DataAccess\DataAccess.csproj", "{2285D8D9-322C-4F68-B0EE-14518603ABC7}"
EndProject
Project("{FAE04EC0-301F-11D3-BF4B-00C04F79EFBC}") = "DoocUpload.Client", "DoocUpload.Client\DoocUpload.Client.csproj", "{8E77B2E4-D5C3-48AE-BAA9-5D0B1DA9CB95}"
EndProject
Global
	GlobalSection(SolutionConfigurationPlatforms) = preSolution
		Debug|Any CPU = Debug|Any CPU
		Release|Any CPU = Release|Any CPU
	EndGlobalSection
	GlobalSection(ProjectConfigurationPlatforms) = postSolution
		{01B0F5B4-4D09-4FEB-A74B-89DDBF8B285C}.Debug|Any CPU.ActiveCfg = Debug|Any CPU
		{01B0F5B4-4D09-4FEB-A74B-89DDBF8B285C}.Debug|Any CPU.Build.0 = Debug|Any CPU
		{01B0F5B4-4D09-4FEB-A74B-89DDBF8B285C}.Release|Any CPU.ActiveCfg = Release|Any CPU
		{01B0F5B4-4D09-4FEB-A74B-89DDBF8B285C}.Release|Any CPU.Build.0 = Release|Any CPU
		{2285D8D9-322C-4F68-B0EE-14518603ABC7}.Debug|Any CPU.ActiveCfg = Debug|Any CPU
		{2285D8D9-322C-4F68-B0EE-14518603ABC7}.Debug|Any CPU.Build.0 = Debug|Any CPU
		{2285D8D9-322C-4F68-B0EE-14518603ABC7}.Release|Any CPU.ActiveCfg = Release|Any CPU
		{2285D8D9-322C-4F68-B0EE-14518603ABC7}.Release|Any CPU.Build.0 = Release|Any CPU
		{8E77B2E4-D5C3-48AE-BAA9-5D0B1DA9CB95}.Debug|Any CPU.ActiveCfg = Debug|Any CPU
		{8E77B2E4-D5C3-48AE-BAA9-5D0B1DA9CB95}.Debug|Any CPU.Build.0 = Debug|Any CPU
		{8E77B2E4-D5C3-48AE-BAA9-5D0B1DA9CB95}.Release|Any CPU.ActiveCfg = Release|Any CPU
		{8E77B2E4-D5C3-48AE-BAA9-5D0B1DA9CB95}.Release|Any CPU.Build.0 = Release|Any CPU
	EndGlobalSection
	GlobalSection(SolutionProperties) = preSolution
		HideSolutionNode = FALSE
	EndGlobalSection
	GlobalSection(ExtensibilityGlobals) = postSolution
		SolutionGuid = {DB259E8E-4D6F-4EF3-9711-A40A9F6B2BE9}
	EndGlobalSection
EndGlobal
